
Microsoft Visual Studio Solution File, Format Version 12.00
# Visual Studio Version 17
VisualStudioVersion = 17.0.31903.59
MinimumVisualStudioVersion = 10.0.40219.1
Project("{2150E333-8FDC-42A3-9474-1A3956D46DE8}") = "Dotnet", "Dotnet", "{96F5BD30-A9C0-4228-B363-216A46F32FD2}"
EndProject
Project("{2150E333-8FDC-42A3-9474-1A3956D46DE8}") = "Console", "Console", "{DF714788-57DE-42F4-8A7A-FFE95BD54E26}"
EndProject
Project("{2150E333-8FDC-42A3-9474-1A3956D46DE8}") = "Testing", "Testing", "{57CCFBA9-F8F1-4A70-83B8-AB80B4E2827D}"
EndProject
Project("{2150E333-8FDC-42A3-9474-1A3956D46DE8}") = "UploadFile", "UploadFile", "{30C6EE0D-C5E6-49B3-A7DE-AB54517AF861}"
EndProject
Project("{9A19103F-16F7-4668-BE54-9A1E7A4F7556}") = "Dotnet.Console", "Dotnet\Console\Dotnet.Console.csproj", "{A37B6C9C-5C4E-40FD-BB0C-0B6700A90673}"
EndProject
Project("{9A19103F-16F7-4668-BE54-9A1E7A4F7556}") = "Dotnet.Testing", "Dotnet\Testing\Dotnet.Testing.csproj", "{3AF413B4-51A1-4B4D-80A8-CD514329A8A7}"
EndProject
Project("{9A19103F-16F7-4668-BE54-9A1E7A4F7556}") = "Dotnet.UploadFile", "Dotnet\UploadFile\Dotnet.UploadFile.csproj", "{C0421CF7-678A-4BAE-9333-442865636EED}"
EndProject
Project("{2150E333-8FDC-42A3-9474-1A3956D46DE8}") = "Python", "Python", "{F7840D6B-A229-4807-80A3-52C61013E8BB}"
EndProject
Project("{2150E333-8FDC-42A3-9474-1A3956D46DE8}") = "Console", "Console", "{9ABC1AA0-026E-48CE-8C52-51B120328C41}"
EndProject
Project("{2150E333-8FDC-42A3-9474-1A3956D46DE8}") = "UploadFile", "UploadFile", "{4AFCFAA7-9E8A-4177-8A9E-81B3E54C4339}"
EndProject
Project("{2150E333-8FDC-42A3-9474-1A3956D46DE8}") = "JavaScript", "JavaScript", "{25CEAB54-0D74-475C-8A2B-25BD24F0CE54}"
EndProject
Project("{888888A0-9F3D-457C-B088-3A5042F75D52}") = "Python.Console", "Python\Console\Python.Console.pyproj", "{F44F1DC6-6715-40F8-B533-25A6C8AF5C55}"
EndProject
Project("{888888A0-9F3D-457C-B088-3A5042F75D52}") = "UploadFile", "Python\UploadFile\UploadFile.pyproj", "{B35C2244-146C-4751-A568-0B3748DA9DDC}"
EndProject
Project("{2150E333-8FDC-42A3-9474-1A3956D46DE8}") = "Console", "Console", "{5714F05D-CE0F-4F89-923A-46B6C554FA55}"
EndProject
Project("{54A90642-561A-4BB1-A94E-469ADEE60C69}") = "JavaScript.Console", "JavaScript\Console\JavaScript.Console.esproj", "{9D382702-944A-4842-9D4A-F26948B4D39C}"
EndProject
Project("{2150E333-8FDC-42A3-9474-1A3956D46DE8}") = "Testing", "Testing", "{CDFFE598-6EA2-41D6-B82B-A8BFEA3CB610}"
EndProject
Project("{2150E333-8FDC-42A3-9474-1A3956D46DE8}") = "UploadFile", "UploadFile", "{330CDCBF-2C4E-4A5B-A2AA-44601B976C30}"
	ProjectSection(SolutionItems) = preProject
		UploadFIle.js = UploadFIle.js
	EndProjectSection
EndProject
Global
	GlobalSection(SolutionConfigurationPlatforms) = preSolution
		Debug|Any CPU = Debug|Any CPU
		Release|Any CPU = Release|Any CPU
	EndGlobalSection
	GlobalSection(ProjectConfigurationPlatforms) = postSolution
		{A37B6C9C-5C4E-40FD-BB0C-0B6700A90673}.Debug|Any CPU.ActiveCfg = Debug|Any CPU
		{A37B6C9C-5C4E-40FD-BB0C-0B6700A90673}.Debug|Any CPU.Build.0 = Debug|Any CPU
		{A37B6C9C-5C4E-40FD-BB0C-0B6700A90673}.Release|Any CPU.ActiveCfg = Release|Any CPU
		{A37B6C9C-5C4E-40FD-BB0C-0B6700A90673}.Release|Any CPU.Build.0 = Release|Any CPU
		{3AF413B4-51A1-4B4D-80A8-CD514329A8A7}.Debug|Any CPU.ActiveCfg = Debug|Any CPU
		{3AF413B4-51A1-4B4D-80A8-CD514329A8A7}.Debug|Any CPU.Build.0 = Debug|Any CPU
		{3AF413B4-51A1-4B4D-80A8-CD514329A8A7}.Release|Any CPU.ActiveCfg = Release|Any CPU
		{3AF413B4-51A1-4B4D-80A8-CD514329A8A7}.Release|Any CPU.Build.0 = Release|Any CPU
		{C0421CF7-678A-4BAE-9333-442865636EED}.Debug|Any CPU.ActiveCfg = Debug|Any CPU
		{C0421CF7-678A-4BAE-9333-442865636EED}.Debug|Any CPU.Build.0 = Debug|Any CPU
		{C0421CF7-678A-4BAE-9333-442865636EED}.Release|Any CPU.ActiveCfg = Release|Any CPU
		{C0421CF7-678A-4BAE-9333-442865636EED}.Release|Any CPU.Build.0 = Release|Any CPU
		{F44F1DC6-6715-40F8-B533-25A6C8AF5C55}.Debug|Any CPU.ActiveCfg = Debug|Any CPU
		{F44F1DC6-6715-40F8-B533-25A6C8AF5C55}.Release|Any CPU.ActiveCfg = Release|Any CPU
		{B35C2244-146C-4751-A568-0B3748DA9DDC}.Debug|Any CPU.ActiveCfg = Debug|Any CPU
		{B35C2244-146C-4751-A568-0B3748DA9DDC}.Release|Any CPU.ActiveCfg = Release|Any CPU
		{9D382702-944A-4842-9D4A-F26948B4D39C}.Debug|Any CPU.ActiveCfg = Debug|Any CPU
		{9D382702-944A-4842-9D4A-F26948B4D39C}.Debug|Any CPU.Build.0 = Debug|Any CPU
		{9D382702-944A-4842-9D4A-F26948B4D39C}.Debug|Any CPU.Deploy.0 = Debug|Any CPU
		{9D382702-944A-4842-9D4A-F26948B4D39C}.Release|Any CPU.ActiveCfg = Release|Any CPU
		{9D382702-944A-4842-9D4A-F26948B4D39C}.Release|Any CPU.Build.0 = Release|Any CPU
		{9D382702-944A-4842-9D4A-F26948B4D39C}.Release|Any CPU.Deploy.0 = Release|Any CPU
	EndGlobalSection
	GlobalSection(SolutionProperties) = preSolution
		HideSolutionNode = FALSE
	EndGlobalSection
	GlobalSection(NestedProjects) = preSolution
		{DF714788-57DE-42F4-8A7A-FFE95BD54E26} = {96F5BD30-A9C0-4228-B363-216A46F32FD2}
		{57CCFBA9-F8F1-4A70-83B8-AB80B4E2827D} = {96F5BD30-A9C0-4228-B363-216A46F32FD2}
		{30C6EE0D-C5E6-49B3-A7DE-AB54517AF861} = {96F5BD30-A9C0-4228-B363-216A46F32FD2}
		{A37B6C9C-5C4E-40FD-BB0C-0B6700A90673} = {DF714788-57DE-42F4-8A7A-FFE95BD54E26}
		{3AF413B4-51A1-4B4D-80A8-CD514329A8A7} = {57CCFBA9-F8F1-4A70-83B8-AB80B4E2827D}
		{C0421CF7-678A-4BAE-9333-442865636EED} = {30C6EE0D-C5E6-49B3-A7DE-AB54517AF861}
		{9ABC1AA0-026E-48CE-8C52-51B120328C41} = {F7840D6B-A229-4807-80A3-52C61013E8BB}
		{4AFCFAA7-9E8A-4177-8A9E-81B3E54C4339} = {F7840D6B-A229-4807-80A3-52C61013E8BB}
		{F44F1DC6-6715-40F8-B533-25A6C8AF5C55} = {9ABC1AA0-026E-48CE-8C52-51B120328C41}
		{B35C2244-146C-4751-A568-0B3748DA9DDC} = {4AFCFAA7-9E8A-4177-8A9E-81B3E54C4339}
		{5714F05D-CE0F-4F89-923A-46B6C554FA55} = {25CEAB54-0D74-475C-8A2B-25BD24F0CE54}
		{9D382702-944A-4842-9D4A-F26948B4D39C} = {5714F05D-CE0F-4F89-923A-46B6C554FA55}
		{CDFFE598-6EA2-41D6-B82B-A8BFEA3CB610} = {F7840D6B-A229-4807-80A3-52C61013E8BB}
		{330CDCBF-2C4E-4A5B-A2AA-44601B976C30} = {25CEAB54-0D74-475C-8A2B-25BD24F0CE54}
	EndGlobalSection
	GlobalSection(ExtensibilityGlobals) = postSolution
		SolutionGuid = {272677FE-3255-4DB3-824B-C8B3BB9BF1EE}
	EndGlobalSection
EndGlobal
